
Microsoft Visual Studio Solution File, Format Version 12.00
# Visual Studio Version 17
VisualStudioVersion = 17.7.34024.191
MinimumVisualStudioVersion = 10.0.40219.1
Project("{FAE04EC0-301F-11D3-BF4B-00C04F79EFBC}") = "GameHeith", "GameHeith\GameHeith.csproj", "{F76836DE-8554-47C5-AFFD-46C16BC11A00}"
EndProject
Global
	GlobalSection(SolutionConfigurationPlatforms) = preSolution
		Debug|Any CPU = Debug|Any CPU
		Release|Any CPU = Release|Any CPU
	EndGlobalSection
	GlobalSection(ProjectConfigurationPlatforms) = postSolution
		{F76836DE-8554-47C5-AFFD-46C16BC11A00}.Debug|Any CPU.ActiveCfg = Debug|Any CPU
		{F76836DE-8554-47C5-AFFD-46C16BC11A00}.Debug|Any CPU.Build.0 = Debug|Any CPU
		{F76836DE-8554-47C5-AFFD-46C16BC11A00}.Release|Any CPU.ActiveCfg = Release|Any CPU
		{F76836DE-8554-47C5-AFFD-46C16BC11A00}.Release|Any CPU.Build.0 = Release|Any CPU
	EndGlobalSection
	GlobalSection(SolutionProperties) = preSolution
		HideSolutionNode = FALSE
	EndGlobalSection
	GlobalSection(ExtensibilityGlobals) = postSolution
		SolutionGuid = {6CEAB9B4-7FCC-4EDB-B5A5-A0A93F8B680A}
	EndGlobalSection
EndGlobal
